// !$*UTF8*$!
{
	archiveVersion = 1;
	classes = {
	};
	objectVersion = 46;
	objects = {

/* Begin PBXBuildFile section */
		3C3C21FB191DBE5900C1578F /* Foundation.framework in Frameworks */ = {isa = PBXBuildFile; fileRef = 3C3C21FA191DBE5900C1578F /* Foundation.framework */; };
		3C3C21FD191DBE5900C1578F /* CoreGraphics.framework in Frameworks */ = {isa = PBXBuildFile; fileRef = 3C3C21FC191DBE5900C1578F /* CoreGraphics.framework */; };
		3C3C21FF191DBE5900C1578F /* UIKit.framework in Frameworks */ = {isa = PBXBuildFile; fileRef = 3C3C21FE191DBE5900C1578F /* UIKit.framework */; };
		3C3C2205191DBE5900C1578F /* InfoPlist.strings in Resources */ = {isa = PBXBuildFile; fileRef = 3C3C2203191DBE5900C1578F /* InfoPlist.strings */; };
		3C3C2207191DBE5900C1578F /* main.m in Sources */ = {isa = PBXBuildFile; fileRef = 3C3C2206191DBE5900C1578F /* main.m */; };
		3C3C220B191DBE5900C1578F /* CBAAppDelegate.m in Sources */ = {isa = PBXBuildFile; fileRef = 3C3C220A191DBE5900C1578F /* CBAAppDelegate.m */; };
		3C3C220E191DBE5900C1578F /* Main.storyboard in Resources */ = {isa = PBXBuildFile; fileRef = 3C3C220C191DBE5900C1578F /* Main.storyboard */; };
		3C3C2211191DBE5900C1578F /* CBAMasterViewController.m in Sources */ = {isa = PBXBuildFile; fileRef = 3C3C2210191DBE5900C1578F /* CBAMasterViewController.m */; };
		3C3C2214191DBE5900C1578F /* CBADetailViewController.m in Sources */ = {isa = PBXBuildFile; fileRef = 3C3C2213191DBE5900C1578F /* CBADetailViewController.m */; };
		3C3C2216191DBE5900C1578F /* Images.xcassets in Resources */ = {isa = PBXBuildFile; fileRef = 3C3C2215191DBE5900C1578F /* Images.xcassets */; };
		3C3C221D191DBE5900C1578F /* XCTest.framework in Frameworks */ = {isa = PBXBuildFile; fileRef = 3C3C221C191DBE5900C1578F /* XCTest.framework */; };
		3C3C221E191DBE5900C1578F /* Foundation.framework in Frameworks */ = {isa = PBXBuildFile; fileRef = 3C3C21FA191DBE5900C1578F /* Foundation.framework */; };
		3C3C221F191DBE5900C1578F /* UIKit.framework in Frameworks */ = {isa = PBXBuildFile; fileRef = 3C3C21FE191DBE5900C1578F /* UIKit.framework */; };
		3C3C2227191DBE5900C1578F /* InfoPlist.strings in Resources */ = {isa = PBXBuildFile; fileRef = 3C3C2225191DBE5900C1578F /* InfoPlist.strings */; };
		3C3C2229191DBE5900C1578F /* NotesTests.m in Sources */ = {isa = PBXBuildFile; fileRef = 3C3C2228191DBE5900C1578F /* NotesTests.m */; };
		3C3C2234191DC2C300C1578F /* Data.m in Sources */ = {isa = PBXBuildFile; fileRef = 3C3C2233191DC2C300C1578F /* Data.m */; };
/* End PBXBuildFile section */

/* Begin PBXContainerItemProxy section */
		3C3C2220191DBE5900C1578F /* PBXContainerItemProxy */ = {
			isa = PBXContainerItemProxy;
			containerPortal = 3C3C21EF191DBE5800C1578F /* Project object */;
			proxyType = 1;
			remoteGlobalIDString = 3C3C21F6191DBE5800C1578F;
			remoteInfo = Notes;
		};
/* End PBXContainerItemProxy section */

/* Begin PBXFileReference section */
		3C3C21F7191DBE5900C1578F /* Notes.app */ = {isa = PBXFileReference; explicitFileType = wrapper.application; includeInIndex = 0; path = Notes.app; sourceTree = BUILT_PRODUCTS_DIR; };
		3C3C21FA191DBE5900C1578F /* Foundation.framework */ = {isa = PBXFileReference; lastKnownFileType = wrapper.framework; name = Foundation.framework; path = System/Library/Frameworks/Foundation.framework; sourceTree = SDKROOT; };
		3C3C21FC191DBE5900C1578F /* CoreGraphics.framework */ = {isa = PBXFileReference; lastKnownFileType = wrapper.framework; name = CoreGraphics.framework; path = System/Library/Frameworks/CoreGraphics.framework; sourceTree = SDKROOT; };
		3C3C21FE191DBE5900C1578F /* UIKit.framework */ = {isa = PBXFileReference; lastKnownFileType = wrapper.framework; name = UIKit.framework; path = System/Library/Frameworks/UIKit.framework; sourceTree = SDKROOT; };
		3C3C2202191DBE5900C1578F /* Notes-Info.plist */ = {isa = PBXFileReference; lastKnownFileType = text.plist.xml; path = "Notes-Info.plist"; sourceTree = "<group>"; };
		3C3C2204191DBE5900C1578F /* en */ = {isa = PBXFileReference; lastKnownFileType = text.plist.strings; name = en; path = en.lproj/InfoPlist.strings; sourceTree = "<group>"; };
		3C3C2206191DBE5900C1578F /* main.m */ = {isa = PBXFileReference; lastKnownFileType = sourcecode.c.objc; path = main.m; sourceTree = "<group>"; };
		3C3C2208191DBE5900C1578F /* Notes-Prefix.pch */ = {isa = PBXFileReference; lastKnownFileType = sourcecode.c.h; path = "Notes-Prefix.pch"; sourceTree = "<group>"; };
		3C3C2209191DBE5900C1578F /* CBAAppDelegate.h */ = {isa = PBXFileReference; lastKnownFileType = sourcecode.c.h; path = CBAAppDelegate.h; sourceTree = "<group>"; };
		3C3C220A191DBE5900C1578F /* CBAAppDelegate.m */ = {isa = PBXFileReference; lastKnownFileType = sourcecode.c.objc; path = CBAAppDelegate.m; sourceTree = "<group>"; };
		3C3C220D191DBE5900C1578F /* Base */ = {isa = PBXFileReference; lastKnownFileType = file.storyboard; name = Base; path = Base.lproj/Main.storyboard; sourceTree = "<group>"; };
		3C3C220F191DBE5900C1578F /* CBAMasterViewController.h */ = {isa = PBXFileReference; lastKnownFileType = sourcecode.c.h; path = CBAMasterViewController.h; sourceTree = "<group>"; };
		3C3C2210191DBE5900C1578F /* CBAMasterViewController.m */ = {isa = PBXFileReference; lastKnownFileType = sourcecode.c.objc; path = CBAMasterViewController.m; sourceTree = "<group>"; };
		3C3C2212191DBE5900C1578F /* CBADetailViewController.h */ = {isa = PBXFileReference; lastKnownFileType = sourcecode.c.h; path = CBADetailViewController.h; sourceTree = "<group>"; };
		3C3C2213191DBE5900C1578F /* CBADetailViewController.m */ = {isa = PBXFileReference; lastKnownFileType = sourcecode.c.objc; path = CBADetailViewController.m; sourceTree = "<group>"; };
		3C3C2215191DBE5900C1578F /* Images.xcassets */ = {isa = PBXFileReference; lastKnownFileType = folder.assetcatalog; path = Images.xcassets; sourceTree = "<group>"; };
		3C3C221B191DBE5900C1578F /* NotesTests.xctest */ = {isa = PBXFileReference; explicitFileType = wrapper.cfbundle; includeInIndex = 0; path = NotesTests.xctest; sourceTree = BUILT_PRODUCTS_DIR; };
		3C3C221C191DBE5900C1578F /* XCTest.framework */ = {isa = PBXFileReference; lastKnownFileType = wrapper.framework; name = XCTest.framework; path = Library/Frameworks/XCTest.framework; sourceTree = DEVELOPER_DIR; };
		3C3C2224191DBE5900C1578F /* NotesTests-Info.plist */ = {isa = PBXFileReference; lastKnownFileType = text.plist.xml; path = "NotesTests-Info.plist"; sourceTree = "<group>"; };
		3C3C2226191DBE5900C1578F /* en */ = {isa = PBXFileReference; lastKnownFileType = text.plist.strings; name = en; path = en.lproj/InfoPlist.strings; sourceTree = "<group>"; };
		3C3C2228191DBE5900C1578F /* NotesTests.m */ = {isa = PBXFileReference; lastKnownFileType = sourcecode.c.objc; path = NotesTests.m; sourceTree = "<group>"; };
		3C3C2232191DC2C300C1578F /* Data.h */ = {isa = PBXFileReference; fileEncoding = 4; lastKnownFileType = sourcecode.c.h; path = Data.h; sourceTree = "<group>"; };
		3C3C2233191DC2C300C1578F /* Data.m */ = {isa = PBXFileReference; fileEncoding = 4; lastKnownFileType = sourcecode.c.objc; path = Data.m; sourceTree = "<group>"; };
/* End PBXFileReference section */

/* Begin PBXFrameworksBuildPhase section */
		3C3C21F4191DBE5800C1578F /* Frameworks */ = {
			isa = PBXFrameworksBuildPhase;
			buildActionMask = 2147483647;
			files = (
				3C3C21FD191DBE5900C1578F /* CoreGraphics.framework in Frameworks */,
				3C3C21FF191DBE5900C1578F /* UIKit.framework in Frameworks */,
				3C3C21FB191DBE5900C1578F /* Foundation.framework in Frameworks */,
			);
			runOnlyForDeploymentPostprocessing = 0;
		};
		3C3C2218191DBE5900C1578F /* Frameworks */ = {
			isa = PBXFrameworksBuildPhase;
			buildActionMask = 2147483647;
			files = (
				3C3C221D191DBE5900C1578F /* XCTest.framework in Frameworks */,
				3C3C221F191DBE5900C1578F /* UIKit.framework in Frameworks */,
				3C3C221E191DBE5900C1578F /* Foundation.framework in Frameworks */,
			);
			runOnlyForDeploymentPostprocessing = 0;
		};
/* End PBXFrameworksBuildPhase section */

/* Begin PBXGroup section */
		3C3C21EE191DBE5800C1578F = {
			isa = PBXGroup;
			children = (
				3C3C2232191DC2C300C1578F /* Data.h */,
				3C3C2233191DC2C300C1578F /* Data.m */,
				3C3C2200191DBE5900C1578F /* Notes */,
				3C3C2222191DBE5900C1578F /* NotesTests */,
				3C3C21F9191DBE5900C1578F /* Frameworks */,
				3C3C21F8191DBE5900C1578F /* Products */,
			);
			sourceTree = "<group>";
		};
		3C3C21F8191DBE5900C1578F /* Products */ = {
			isa = PBXGroup;
			children = (
				3C3C21F7191DBE5900C1578F /* Notes.app */,
				3C3C221B191DBE5900C1578F /* NotesTests.xctest */,
			);
			name = Products;
			sourceTree = "<group>";
		};
		3C3C21F9191DBE5900C1578F /* Frameworks */ = {
			isa = PBXGroup;
			children = (
				3C3C21FA191DBE5900C1578F /* Foundation.framework */,
				3C3C21FC191DBE5900C1578F /* CoreGraphics.framework */,
				3C3C21FE191DBE5900C1578F /* UIKit.framework */,
				3C3C221C191DBE5900C1578F /* XCTest.framework */,
			);
			name = Frameworks;
			sourceTree = "<group>";
		};
		3C3C2200191DBE5900C1578F /* Notes */ = {
			isa = PBXGroup;
			children = (
				3C3C2209191DBE5900C1578F /* CBAAppDelegate.h */,
				3C3C220A191DBE5900C1578F /* CBAAppDelegate.m */,
				3C3C220C191DBE5900C1578F /* Main.storyboard */,
				3C3C220F191DBE5900C1578F /* CBAMasterViewController.h */,
				3C3C2210191DBE5900C1578F /* CBAMasterViewController.m */,
				3C3C2212191DBE5900C1578F /* CBADetailViewController.h */,
				3C3C2213191DBE5900C1578F /* CBADetailViewController.m */,
				3C3C2215191DBE5900C1578F /* Images.xcassets */,
				3C3C2201191DBE5900C1578F /* Supporting Files */,
			);
			path = Notes;
			sourceTree = "<group>";
		};
		3C3C2201191DBE5900C1578F /* Supporting Files */ = {
			isa = PBXGroup;
			children = (
				3C3C2202191DBE5900C1578F /* Notes-Info.plist */,
				3C3C2203191DBE5900C1578F /* InfoPlist.strings */,
				3C3C2206191DBE5900C1578F /* main.m */,
				3C3C2208191DBE5900C1578F /* Notes-Prefix.pch */,
			);
			name = "Supporting Files";
			sourceTree = "<group>";
		};
		3C3C2222191DBE5900C1578F /* NotesTests */ = {
			isa = PBXGroup;
			children = (
				3C3C2228191DBE5900C1578F /* NotesTests.m */,
				3C3C2223191DBE5900C1578F /* Supporting Files */,
			);
			path = NotesTests;
			sourceTree = "<group>";
		};
		3C3C2223191DBE5900C1578F /* Supporting Files */ = {
			isa = PBXGroup;
			children = (
				3C3C2224191DBE5900C1578F /* NotesTests-Info.plist */,
				3C3C2225191DBE5900C1578F /* InfoPlist.strings */,
			);
			name = "Supporting Files";
			sourceTree = "<group>";
		};
/* End PBXGroup section */

/* Begin PBXNativeTarget section */
		3C3C21F6191DBE5800C1578F /* Notes */ = {
			isa = PBXNativeTarget;
			buildConfigurationList = 3C3C222C191DBE5900C1578F /* Build configuration list for PBXNativeTarget "Notes" */;
			buildPhases = (
				3C3C21F3191DBE5800C1578F /* Sources */,
				3C3C21F4191DBE5800C1578F /* Frameworks */,
				3C3C21F5191DBE5800C1578F /* Resources */,
			);
			buildRules = (
			);
			dependencies = (
			);
			name = Notes;
			productName = Notes;
			productReference = 3C3C21F7191DBE5900C1578F /* Notes.app */;
			productType = "com.apple.product-type.application";
		};
		3C3C221A191DBE5900C1578F /* NotesTests */ = {
			isa = PBXNativeTarget;
			buildConfigurationList = 3C3C222F191DBE5900C1578F /* Build configuration list for PBXNativeTarget "NotesTests" */;
			buildPhases = (
				3C3C2217191DBE5900C1578F /* Sources */,
				3C3C2218191DBE5900C1578F /* Frameworks */,
				3C3C2219191DBE5900C1578F /* Resources */,
			);
			buildRules = (
			);
			dependencies = (
				3C3C2221191DBE5900C1578F /* PBXTargetDependency */,
			);
			name = NotesTests;
			productName = NotesTests;
			productReference = 3C3C221B191DBE5900C1578F /* NotesTests.xctest */;
			productType = "com.apple.product-type.bundle.unit-test";
		};
/* End PBXNativeTarget section */

/* Begin PBXProject section */
		3C3C21EF191DBE5800C1578F /* Project object */ = {
			isa = PBXProject;
			attributes = {
				CLASSPREFIX = CBA;
				LastUpgradeCheck = 0510;
				ORGANIZATIONNAME = "Caleb Alebiosu";
				TargetAttributes = {
					3C3C221A191DBE5900C1578F = {
						TestTargetID = 3C3C21F6191DBE5800C1578F;
					};
				};
			};
			buildConfigurationList = 3C3C21F2191DBE5800C1578F /* Build configuration list for PBXProject "Notes" */;
			compatibilityVersion = "Xcode 3.2";
			developmentRegion = English;
			hasScannedForEncodings = 0;
			knownRegions = (
				en,
				Base,
			);
			mainGroup = 3C3C21EE191DBE5800C1578F;
			productRefGroup = 3C3C21F8191DBE5900C1578F /* Products */;
			projectDirPath = "";
			projectRoot = "";
			targets = (
				3C3C21F6191DBE5800C1578F /* Notes */,
				3C3C221A191DBE5900C1578F /* NotesTests */,
			);
		};
/* End PBXProject section */

/* Begin PBXResourcesBuildPhase section */
		3C3C21F5191DBE5800C1578F /* Resources */ = {
			isa = PBXResourcesBuildPhase;
			buildActionMask = 2147483647;
			files = (
				3C3C2216191DBE5900C1578F /* Images.xcassets in Resources */,
				3C3C2205191DBE5900C1578F /* InfoPlist.strings in Resources */,
				3C3C220E191DBE5900C1578F /* Main.storyboard in Resources */,
			);
			runOnlyForDeploymentPostprocessing = 0;
		};
		3C3C2219191DBE5900C1578F /* Resources */ = {
			isa = PBXResourcesBuildPhase;
			buildActionMask = 2147483647;
			files = (
				3C3C2227191DBE5900C1578F /* InfoPlist.strings in Resources */,
			);
			runOnlyForDeploymentPostprocessing = 0;
		};
/* End PBXResourcesBuildPhase section */

/* Begin PBXSourcesBuildPhase section */
		3C3C21F3191DBE5800C1578F /* Sources */ = {
			isa = PBXSourcesBuildPhase;
			buildActionMask = 2147483647;
			files = (
				3C3C2234191DC2C300C1578F /* Data.m in Sources */,
				3C3C2214191DBE5900C1578F /* CBADetailViewController.m in Sources */,
				3C3C2211191DBE5900C1578F /* CBAMasterViewController.m in Sources */,
				3C3C2207191DBE5900C1578F /* main.m in Sources */,
				3C3C220B191DBE5900C1578F /* CBAAppDelegate.m in Sources */,
			);
			runOnlyForDeploymentPostprocessing = 0;
		};
		3C3C2217191DBE5900C1578F /* Sources */ = {
			isa = PBXSourcesBuildPhase;
			buildActionMask = 2147483647;
			files = (
				3C3C2229191DBE5900C1578F /* NotesTests.m in Sources */,
			);
			runOnlyForDeploymentPostprocessing = 0;
		};
/* End PBXSourcesBuildPhase section */

/* Begin PBXTargetDependency section */
		3C3C2221191DBE5900C1578F /* PBXTargetDependency */ = {
			isa = PBXTargetDependency;
			target = 3C3C21F6191DBE5800C1578F /* Notes */;
			targetProxy = 3C3C2220191DBE5900C1578F /* PBXContainerItemProxy */;
		};
/* End PBXTargetDependency section */

/* Begin PBXVariantGroup section */
		3C3C2203191DBE5900C1578F /* InfoPlist.strings */ = {
			isa = PBXVariantGroup;
			children = (
				3C3C2204191DBE5900C1578F /* en */,
			);
			name = InfoPlist.strings;
			sourceTree = "<group>";
		};
		3C3C220C191DBE5900C1578F /* Main.storyboard */ = {
			isa = PBXVariantGroup;
			children = (
				3C3C220D191DBE5900C1578F /* Base */,
			);
			name = Main.storyboard;
			sourceTree = "<group>";
		};
		3C3C2225191DBE5900C1578F /* InfoPlist.strings */ = {
			isa = PBXVariantGroup;
			children = (
				3C3C2226191DBE5900C1578F /* en */,
			);
			name = InfoPlist.strings;
			sourceTree = "<group>";
		};
/* End PBXVariantGroup section */

/* Begin XCBuildConfiguration section */
		3C3C222A191DBE5900C1578F /* Debug */ = {
			isa = XCBuildConfiguration;
			buildSettings = {
				ALWAYS_SEARCH_USER_PATHS = NO;
				CLANG_CXX_LANGUAGE_STANDARD = "gnu++0x";
				CLANG_CXX_LIBRARY = "libc++";
				CLANG_ENABLE_MODULES = YES;
				CLANG_ENABLE_OBJC_ARC = YES;
				CLANG_WARN_BOOL_CONVERSION = YES;
				CLANG_WARN_CONSTANT_CONVERSION = YES;
				CLANG_WARN_DIRECT_OBJC_ISA_USAGE = YES_ERROR;
				CLANG_WARN_EMPTY_BODY = YES;
				CLANG_WARN_ENUM_CONVERSION = YES;
				CLANG_WARN_INT_CONVERSION = YES;
				CLANG_WARN_OBJC_ROOT_CLASS = YES_ERROR;
				CLANG_WARN__DUPLICATE_METHOD_MATCH = YES;
				"CODE_SIGN_IDENTITY[sdk=iphoneos*]" = "iPhone Developer";
				COPY_PHASE_STRIP = NO;
				GCC_C_LANGUAGE_STANDARD = gnu99;
				GCC_DYNAMIC_NO_PIC = NO;
				GCC_OPTIMIZATION_LEVEL = 0;
				GCC_PREPROCESSOR_DEFINITIONS = (
					"DEBUG=1",
					"$(inherited)",
				);
				GCC_SYMBOLS_PRIVATE_EXTERN = NO;
				GCC_WARN_64_TO_32_BIT_CONVERSION = YES;
				GCC_WARN_ABOUT_RETURN_TYPE = YES_ERROR;
				GCC_WARN_UNDECLARED_SELECTOR = YES;
				GCC_WARN_UNINITIALIZED_AUTOS = YES_AGGRESSIVE;
				GCC_WARN_UNUSED_FUNCTION = YES;
				GCC_WARN_UNUSED_VARIABLE = YES;
				IPHONEOS_DEPLOYMENT_TARGET = 7.1;
				ONLY_ACTIVE_ARCH = YES;
				SDKROOT = iphoneos;
			};
			name = Debug;
		};
		3C3C222B191DBE5900C1578F /* Release */ = {
			isa = XCBuildConfiguration;
			buildSettings = {
				ALWAYS_SEARCH_USER_PATHS = NO;
				CLANG_CXX_LANGUAGE_STANDARD = "gnu++0x";
				CLANG_CXX_LIBRARY = "libc++";
				CLANG_ENABLE_MODULES = YES;
				CLANG_ENABLE_OBJC_ARC = YES;
				CLANG_WARN_BOOL_CONVERSION = YES;
				CLANG_WARN_CONSTANT_CONVERSION = YES;
				CLANG_WARN_DIRECT_OBJC_ISA_USAGE = YES_ERROR;
				CLANG_WARN_EMPTY_BODY = YES;
				CLANG_WARN_ENUM_CONVERSION = YES;
				CLANG_WARN_INT_CONVERSION = YES;
				CLANG_WARN_OBJC_ROOT_CLASS = YES_ERROR;
				CLANG_WARN__DUPLICATE_METHOD_MATCH = YES;
				"CODE_SIGN_IDENTITY[sdk=iphoneos*]" = "iPhone Developer";
				COPY_PHASE_STRIP = YES;
				ENABLE_NS_ASSERTIONS = NO;
				GCC_C_LANGUAGE_STANDARD = gnu99;
				GCC_WARN_64_TO_32_BIT_CONVERSION = YES;
				GCC_WARN_ABOUT_RETURN_TYPE = YES_ERROR;
				GCC_WARN_UNDECLARED_SELECTOR = YES;
				GCC_WARN_UNINITIALIZED_AUTOS = YES_AGGRESSIVE;
				GCC_WARN_UNUSED_FUNCTION = YES;
				GCC_WARN_UNUSED_VARIABLE = YES;
				IPHONEOS_DEPLOYMENT_TARGET = 7.1;
				SDKROOT = iphoneos;
				VALIDATE_PRODUCT = YES;
			};
			name = Release;
		};
		3C3C222D191DBE5900C1578F /* Debug */ = {
			isa = XCBuildConfiguration;
			buildSettings = {
				ASSETCATALOG_COMPILER_APPICON_NAME = AppIcon;
				ASSETCATALOG_COMPILER_LAUNCHIMAGE_NAME = LaunchImage;
				GCC_PRECOMPILE_PREFIX_HEADER = YES;
				GCC_PREFIX_HEADER = "Notes/Notes-Prefix.pch";
				INFOPLIST_FILE = "Notes/Notes-Info.plist";
				PRODUCT_NAME = "$(TARGET_NAME)";
				WRAPPER_EXTENSION = app;
			};
			name = Debug;
		};
		3C3C222E191DBE5900C1578F /* Release */ = {
			isa = XCBuildConfiguration;
			buildSettings = {
				ASSETCATALOG_COMPILER_APPICON_NAME = AppIcon;
				ASSETCATALOG_COMPILER_LAUNCHIMAGE_NAME = LaunchImage;
				GCC_PRECOMPILE_PREFIX_HEADER = YES;
				GCC_PREFIX_HEADER = "Notes/Notes-Prefix.pch";
				INFOPLIST_FILE = "Notes/Notes-Info.plist";
				PRODUCT_NAME = "$(TARGET_NAME)";
				WRAPPER_EXTENSION = app;
			};
			name = Release;
		};
		3C3C2230191DBE5900C1578F /* Debug */ = {
			isa = XCBuildConfiguration;
			buildSettings = {
				BUNDLE_LOADER = "$(BUILT_PRODUCTS_DIR)/Notes.app/Notes";
				FRAMEWORK_SEARCH_PATHS = (
					"$(SDKROOT)/Developer/Library/Frameworks",
					"$(inherited)",
					"$(DEVELOPER_FRAMEWORKS_DIR)",
				);
				GCC_PRECOMPILE_PREFIX_HEADER = YES;
				GCC_PREFIX_HEADER = "Notes/Notes-Prefix.pch";
				GCC_PREPROCESSOR_DEFINITIONS = (
					"DEBUG=1",
					"$(inherited)",
				);
				INFOPLIST_FILE = "NotesTests/NotesTests-Info.plist";
				PRODUCT_NAME = "$(TARGET_NAME)";
				TEST_HOST = "$(BUNDLE_LOADER)";
				WRAPPER_EXTENSION = xctest;
			};
			name = Debug;
		};
		3C3C2231191DBE5900C1578F /* Release */ = {
			isa = XCBuildConfiguration;
			buildSettings = {
				BUNDLE_LOADER = "$(BUILT_PRODUCTS_DIR)/Notes.app/Notes";
				FRAMEWORK_SEARCH_PATHS = (
					"$(SDKROOT)/Developer/Library/Frameworks",
					"$(inherited)",
					"$(DEVELOPER_FRAMEWORKS_DIR)",
				);
				GCC_PRECOMPILE_PREFIX_HEADER = YES;
				GCC_PREFIX_HEADER = "Notes/Notes-Prefix.pch";
				INFOPLIST_FILE = "NotesTests/NotesTests-Info.plist";
				PRODUCT_NAME = "$(TARGET_NAME)";
				TEST_HOST = "$(BUNDLE_LOADER)";
				WRAPPER_EXTENSION = xctest;
			};
			name = Release;
		};
/* End XCBuildConfiguration section */

/* Begin XCConfigurationList section */
		3C3C21F2191DBE5800C1578F /* Build configuration list for PBXProject "Notes" */ = {
			isa = XCConfigurationList;
			buildConfigurations = (
				3C3C222A191DBE5900C1578F /* Debug */,
				3C3C222B191DBE5900C1578F /* Release */,
			);
			defaultConfigurationIsVisible = 0;
			defaultConfigurationName = Release;
		};
		3C3C222C191DBE5900C1578F /* Build configuration list for PBXNativeTarget "Notes" */ = {
			isa = XCConfigurationList;
			buildConfigurations = (
				3C3C222D191DBE5900C1578F /* Debug */,
				3C3C222E191DBE5900C1578F /* Release */,
			);
			defaultConfigurationIsVisible = 0;
		};
		3C3C222F191DBE5900C1578F /* Build configuration list for PBXNativeTarget "NotesTests" */ = {
			isa = XCConfigurationList;
			buildConfigurations = (
				3C3C2230191DBE5900C1578F /* Debug */,
				3C3C2231191DBE5900C1578F /* Release */,
			);
			defaultConfigurationIsVisible = 0;
		};
/* End XCConfigurationList section */
	};
	rootObject = 3C3C21EF191DBE5800C1578F /* Project object */;
}
